
Microsoft Visual Studio Solution File, Format Version 12.00
# Visual Studio Version 17
VisualStudioVersion = 17.5.33530.505
MinimumVisualStudioVersion = 10.0.40219.1
Project("{9A19103F-16F7-4668-BE54-9A1E7A4F7556}") = "ZL.Gear.Core", "src\ZL.Gear.Core\ZL.Gear.Core.csproj", "{B8FBF666-C1CE-41C8-86BC-E6B030EBFE73}"
EndProject
Project("{9A19103F-16F7-4668-BE54-9A1E7A4F7556}") = "ZL.Gear.Engine", "src\ZL.Gear.Engine\ZL.Gear.Engine.csproj", "{0A75611A-E276-4956-92FB-760E909A50A8}"
EndProject
Project("{FAE04EC0-301F-11D3-BF4B-00C04F79EFBC}") = "ZL.Gear.Abstractions", "src\ZL.Gear.Abstractions\ZL.Gear.Abstractions.csproj", "{227798E7-6851-4714-9C70-2282D2D2F34E}"
EndProject
Project("{FAE04EC0-301F-11D3-BF4B-00C04F79EFBC}") = "ZL.Gear.Extensions.Data", "src\ZL.Gear.Extensions.Data\ZL.Gear.Extensions.Data.csproj", "{A6FC8A33-DCDC-739D-395B-C39B3775555E}"
EndProject
Project("{FAE04EC0-301F-11D3-BF4B-00C04F79EFBC}") = "ZL.Gear.Sensing", "src\ZL.Gear.Sensing\ZL.Gear.Sensing.csproj", "{00EBF65D-69B2-45D6-E273-DAD2B42A910A}"
EndProject
Project("{FAE04EC0-301F-11D3-BF4B-00C04F79EFBC}") = "ZL.Gear.Extensions.Data.Tests", "tests\ZL.Gear.Extensions.Data.Tests\ZL.Gear.Extensions.Data.Tests.csproj", "{5E4BC328-57DE-4DA1-A6FA-6BFBD44F493A}"
EndProject
Project("{FAE04EC0-301F-11D3-BF4B-00C04F79EFBC}") = "ZL.Gear.Core.Tests", "tests\ZL.Gear.Core.Tests\ZL.Gear.Core.Tests.csproj", "{C0A4B1D2-3E4F-4A5B-6C7D-8E9F0A1B2C3D}"
EndProject
Project("{FAE04EC0-301F-11D3-BF4B-00C04F79EFBC}") = "ZL.Gear.Engine.Tests", "tests\ZL.Gear.Engine.Tests\ZL.Gear.Engine.Tests.csproj", "{D1B5C2E3-4F5A-6B7C-8D9E-0F1A2B3C4D5E}"
EndProject
Project("{2150E333-8FDC-42A3-9474-1A3956D46DE8}") = "demos", "demos", "{FA8A28C8-4B59-8028-2ACF-626D05B08DB7}"
EndProject
Project("{2150E333-8FDC-42A3-9474-1A3956D46DE8}") = "IndustryKit", "IndustryKit", "{0F3C69A5-9EA7-1970-F474-E1D4932F91DA}"
EndProject
Project("{FAE04EC0-301F-11D3-BF4B-00C04F79EFBC}") = "ZL.Gear.Extension.Station", "demos\IndustryKit\ZL.Gear.Extension.Station\ZL.Gear.Extension.Station.csproj", "{7D47078A-430B-4298-BA0C-A4327839A8E1}"
EndProject
Project("{2150E333-8FDC-42A3-9474-1A3956D46DE8}") = "src", "src", "{827E0CD3-B72D-47B6-A68D-7590B98EB39B}"
EndProject
Project("{FAE04EC0-301F-11D3-BF4B-00C04F79EFBC}") = "ZL.Gear.Samples.Industry.Client", "demos\IndustryKit\ZL.Gear.Samples.Industry.Client\ZL.Gear.Samples.Industry.Client.csproj", "{B771415B-AC64-4723-A790-4F60BC059D13}"
EndProject
Global
	GlobalSection(SolutionConfigurationPlatforms) = preSolution
		Debug|Any CPU = Debug|Any CPU
		Debug|x64 = Debug|x64
		Debug|x86 = Debug|x86
		Release|Any CPU = Release|Any CPU
		Release|x64 = Release|x64
		Release|x86 = Release|x86
	EndGlobalSection
	GlobalSection(ProjectConfigurationPlatforms) = postSolution
		{B8FBF666-C1CE-41C8-86BC-E6B030EBFE73}.Debug|Any CPU.ActiveCfg = Debug|Any CPU
		{B8FBF666-C1CE-41C8-86BC-E6B030EBFE73}.Debug|Any CPU.Build.0 = Debug|Any CPU
		{B8FBF666-C1CE-41C8-86BC-E6B030EBFE73}.Debug|x64.ActiveCfg = Debug|Any CPU
		{B8FBF666-C1CE-41C8-86BC-E6B030EBFE73}.Debug|x64.Build.0 = Debug|Any CPU
		{B8FBF666-C1CE-41C8-86BC-E6B030EBFE73}.Debug|x86.ActiveCfg = Debug|Any CPU
		{B8FBF666-C1CE-41C8-86BC-E6B030EBFE73}.Debug|x86.Build.0 = Debug|Any CPU
		{B8FBF666-C1CE-41C8-86BC-E6B030EBFE73}.Release|Any CPU.ActiveCfg = Release|Any CPU
		{B8FBF666-C1CE-41C8-86BC-E6B030EBFE73}.Release|Any CPU.Build.0 = Release|Any CPU
		{B8FBF666-C1CE-41C8-86BC-E6B030EBFE73}.Release|x64.ActiveCfg = Release|Any CPU
		{B8FBF666-C1CE-41C8-86BC-E6B030EBFE73}.Release|x64.Build.0 = Release|Any CPU
		{B8FBF666-C1CE-41C8-86BC-E6B030EBFE73}.Release|x86.ActiveCfg = Release|Any CPU
		{B8FBF666-C1CE-41C8-86BC-E6B030EBFE73}.Release|x86.Build.0 = Release|Any CPU
		{0A75611A-E276-4956-92FB-760E909A50A8}.Debug|Any CPU.ActiveCfg = Debug|Any CPU
		{0A75611A-E276-4956-92FB-760E909A50A8}.Debug|Any CPU.Build.0 = Debug|Any CPU
		{0A75611A-E276-4956-92FB-760E909A50A8}.Debug|x64.ActiveCfg = Debug|Any CPU
		{0A75611A-E276-4956-92FB-760E909A50A8}.Debug|x64.Build.0 = Debug|Any CPU
		{0A75611A-E276-4956-92FB-760E909A50A8}.Debug|x86.ActiveCfg = Debug|Any CPU
		{0A75611A-E276-4956-92FB-760E909A50A8}.Debug|x86.Build.0 = Debug|Any CPU
		{0A75611A-E276-4956-92FB-760E909A50A8}.Release|Any CPU.ActiveCfg = Release|Any CPU
		{0A75611A-E276-4956-92FB-760E909A50A8}.Release|Any CPU.Build.0 = Release|Any CPU
		{0A75611A-E276-4956-92FB-760E909A50A8}.Release|x64.ActiveCfg = Release|Any CPU
		{0A75611A-E276-4956-92FB-760E909A50A8}.Release|x64.Build.0 = Release|Any CPU
		{0A75611A-E276-4956-92FB-760E909A50A8}.Release|x86.ActiveCfg = Release|Any CPU
		{0A75611A-E276-4956-92FB-760E909A50A8}.Release|x86.Build.0 = Release|Any CPU
		{227798E7-6851-4714-9C70-2282D2D2F34E}.Debug|Any CPU.ActiveCfg = Debug|Any CPU
		{227798E7-6851-4714-9C70-2282D2D2F34E}.Debug|Any CPU.Build.0 = Debug|Any CPU
		{227798E7-6851-4714-9C70-2282D2D2F34E}.Debug|x64.ActiveCfg = Debug|Any CPU
		{227798E7-6851-4714-9C70-2282D2D2F34E}.Debug|x64.Build.0 = Debug|Any CPU
		{227798E7-6851-4714-9C70-2282D2D2F34E}.Debug|x86.ActiveCfg = Debug|Any CPU
		{227798E7-6851-4714-9C70-2282D2D2F34E}.Debug|x86.Build.0 = Debug|Any CPU
		{227798E7-6851-4714-9C70-2282D2D2F34E}.Release|Any CPU.ActiveCfg = Release|Any CPU
		{227798E7-6851-4714-9C70-2282D2D2F34E}.Release|Any CPU.Build.0 = Release|Any CPU
		{227798E7-6851-4714-9C70-2282D2D2F34E}.Release|x64.ActiveCfg = Release|Any CPU
		{227798E7-6851-4714-9C70-2282D2D2F34E}.Release|x64.Build.0 = Release|Any CPU
		{227798E7-6851-4714-9C70-2282D2D2F34E}.Release|x86.ActiveCfg = Release|Any CPU
		{227798E7-6851-4714-9C70-2282D2D2F34E}.Release|x86.Build.0 = Release|Any CPU
		{A6FC8A33-DCDC-739D-395B-C39B3775555E}.Debug|Any CPU.ActiveCfg = Debug|Any CPU
		{A6FC8A33-DCDC-739D-395B-C39B3775555E}.Debug|Any CPU.Build.0 = Debug|Any CPU
		{A6FC8A33-DCDC-739D-395B-C39B3775555E}.Debug|x64.ActiveCfg = Debug|Any CPU
		{A6FC8A33-DCDC-739D-395B-C39B3775555E}.Debug|x64.Build.0 = Debug|Any CPU
		{A6FC8A33-DCDC-739D-395B-C39B3775555E}.Debug|x86.ActiveCfg = Debug|Any CPU
		{A6FC8A33-DCDC-739D-395B-C39B3775555E}.Debug|x86.Build.0 = Debug|Any CPU
		{A6FC8A33-DCDC-739D-395B-C39B3775555E}.Release|Any CPU.ActiveCfg = Release|Any CPU
		{A6FC8A33-DCDC-739D-395B-C39B3775555E}.Release|Any CPU.Build.0 = Release|Any CPU
		{A6FC8A33-DCDC-739D-395B-C39B3775555E}.Release|x64.ActiveCfg = Release|Any CPU
		{A6FC8A33-DCDC-739D-395B-C39B3775555E}.Release|x64.Build.0 = Release|Any CPU
		{A6FC8A33-DCDC-739D-395B-C39B3775555E}.Release|x86.ActiveCfg = Release|Any CPU
		{A6FC8A33-DCDC-739D-395B-C39B3775555E}.Release|x86.Build.0 = Release|Any CPU
		{00EBF65D-69B2-45D6-E273-DAD2B42A910A}.Debug|Any CPU.ActiveCfg = Debug|Any CPU
		{00EBF65D-69B2-45D6-E273-DAD2B42A910A}.Debug|Any CPU.Build.0 = Debug|Any CPU
		{00EBF65D-69B2-45D6-E273-DAD2B42A910A}.Debug|x64.ActiveCfg = Debug|Any CPU
		{00EBF65D-69B2-45D6-E273-DAD2B42A910A}.Debug|x64.Build.0 = Debug|Any CPU
		{00EBF65D-69B2-45D6-E273-DAD2B42A910A}.Debug|x86.ActiveCfg = Debug|Any CPU
		{00EBF65D-69B2-45D6-E273-DAD2B42A910A}.Debug|x86.Build.0 = Debug|Any CPU
		{00EBF65D-69B2-45D6-E273-DAD2B42A910A}.Release|Any CPU.ActiveCfg = Release|Any CPU
		{00EBF65D-69B2-45D6-E273-DAD2B42A910A}.Release|Any CPU.Build.0 = Release|Any CPU
		{00EBF65D-69B2-45D6-E273-DAD2B42A910A}.Release|x64.ActiveCfg = Release|Any CPU
		{00EBF65D-69B2-45D6-E273-DAD2B42A910A}.Release|x64.Build.0 = Release|Any CPU
		{00EBF65D-69B2-45D6-E273-DAD2B42A910A}.Release|x86.ActiveCfg = Release|Any CPU
		{00EBF65D-69B2-45D6-E273-DAD2B42A910A}.Release|x86.Build.0 = Release|Any CPU
		{5E4BC328-57DE-4DA1-A6FA-6BFBD44F493A}.Debug|Any CPU.ActiveCfg = Debug|Any CPU
		{5E4BC328-57DE-4DA1-A6FA-6BFBD44F493A}.Debug|Any CPU.Build.0 = Debug|Any CPU
		{5E4BC328-57DE-4DA1-A6FA-6BFBD44F493A}.Debug|x64.ActiveCfg = Debug|Any CPU
		{5E4BC328-57DE-4DA1-A6FA-6BFBD44F493A}.Debug|x64.Build.0 = Debug|Any CPU
		{5E4BC328-57DE-4DA1-A6FA-6BFBD44F493A}.Debug|x86.ActiveCfg = Debug|Any CPU
		{5E4BC328-57DE-4DA1-A6FA-6BFBD44F493A}.Debug|x86.Build.0 = Debug|Any CPU
		{5E4BC328-57DE-4DA1-A6FA-6BFBD44F493A}.Release|Any CPU.ActiveCfg = Release|Any CPU
		{5E4BC328-57DE-4DA1-A6FA-6BFBD44F493A}.Release|Any CPU.Build.0 = Release|Any CPU
		{5E4BC328-57DE-4DA1-A6FA-6BFBD44F493A}.Release|x64.ActiveCfg = Release|Any CPU
		{5E4BC328-57DE-4DA1-A6FA-6BFBD44F493A}.Release|x64.Build.0 = Release|Any CPU
		{5E4BC328-57DE-4DA1-A6FA-6BFBD44F493A}.Release|x86.ActiveCfg = Release|Any CPU
		{5E4BC328-57DE-4DA1-A6FA-6BFBD44F493A}.Release|x86.Build.0 = Release|Any CPU
		{C0A4B1D2-3E4F-4A5B-6C7D-8E9F0A1B2C3D}.Debug|Any CPU.ActiveCfg = Debug|Any CPU
		{C0A4B1D2-3E4F-4A5B-6C7D-8E9F0A1B2C3D}.Debug|Any CPU.Build.0 = Debug|Any CPU
		{C0A4B1D2-3E4F-4A5B-6C7D-8E9F0A1B2C3D}.Debug|x64.ActiveCfg = Debug|Any CPU
		{C0A4B1D2-3E4F-4A5B-6C7D-8E9F0A1B2C3D}.Debug|x64.Build.0 = Debug|Any CPU
		{C0A4B1D2-3E4F-4A5B-6C7D-8E9F0A1B2C3D}.Debug|x86.ActiveCfg = Debug|Any CPU
		{C0A4B1D2-3E4F-4A5B-6C7D-8E9F0A1B2C3D}.Debug|x86.Build.0 = Debug|Any CPU
		{C0A4B1D2-3E4F-4A5B-6C7D-8E9F0A1B2C3D}.Release|Any CPU.ActiveCfg = Release|Any CPU
		{C0A4B1D2-3E4F-4A5B-6C7D-8E9F0A1B2C3D}.Release|Any CPU.Build.0 = Release|Any CPU
		{C0A4B1D2-3E4F-4A5B-6C7D-8E9F0A1B2C3D}.Release|x64.ActiveCfg = Release|Any CPU
		{C0A4B1D2-3E4F-4A5B-6C7D-8E9F0A1B2C3D}.Release|x64.Build.0 = Release|Any CPU
		{C0A4B1D2-3E4F-4A5B-6C7D-8E9F0A1B2C3D}.Release|x86.ActiveCfg = Release|Any CPU
		{C0A4B1D2-3E4F-4A5B-6C7D-8E9F0A1B2C3D}.Release|x86.Build.0 = Release|Any CPU
		{D1B5C2E3-4F5A-6B7C-8D9E-0F1A2B3C4D5E}.Debug|Any CPU.ActiveCfg = Debug|Any CPU
		{D1B5C2E3-4F5A-6B7C-8D9E-0F1A2B3C4D5E}.Debug|Any CPU.Build.0 = Debug|Any CPU
		{D1B5C2E3-4F5A-6B7C-8D9E-0F1A2B3C4D5E}.Debug|x64.ActiveCfg = Debug|Any CPU
		{D1B5C2E3-4F5A-6B7C-8D9E-0F1A2B3C4D5E}.Debug|x64.Build.0 = Debug|Any CPU
		{D1B5C2E3-4F5A-6B7C-8D9E-0F1A2B3C4D5E}.Debug|x86.ActiveCfg = Debug|Any CPU
		{D1B5C2E3-4F5A-6B7C-8D9E-0F1A2B3C4D5E}.Debug|x86.Build.0 = Debug|Any CPU
		{D1B5C2E3-4F5A-6B7C-8D9E-0F1A2B3C4D5E}.Release|Any CPU.ActiveCfg = Release|Any CPU
		{D1B5C2E3-4F5A-6B7C-8D9E-0F1A2B3C4D5E}.Release|Any CPU.Build.0 = Release|Any CPU
		{D1B5C2E3-4F5A-6B7C-8D9E-0F1A2B3C4D5E}.Release|x64.ActiveCfg = Release|Any CPU
		{D1B5C2E3-4F5A-6B7C-8D9E-0F1A2B3C4D5E}.Release|x64.Build.0 = Release|Any CPU
		{D1B5C2E3-4F5A-6B7C-8D9E-0F1A2B3C4D5E}.Release|x86.ActiveCfg = Release|Any CPU
		{D1B5C2E3-4F5A-6B7C-8D9E-0F1A2B3C4D5E}.Release|x86.Build.0 = Release|Any CPU
		{7D47078A-430B-4298-BA0C-A4327839A8E1}.Debug|Any CPU.ActiveCfg = Debug|Any CPU
		{7D47078A-430B-4298-BA0C-A4327839A8E1}.Debug|Any CPU.Build.0 = Debug|Any CPU
		{7D47078A-430B-4298-BA0C-A4327839A8E1}.Debug|Any CPU.Build.0 = Debug|Any CPU
		{7D47078A-430B-4298-BA0C-A4327839A8E1}.Debug|x64.ActiveCfg = Debug|Any CPU
		{7D47078A-430B-4298-BA0C-A4327839A8E1}.Debug|x64.Build.0 = Debug|Any CPU
		{7D47078A-430B-4298-BA0C-A4327839A8E1}.Debug|x86.ActiveCfg = Debug|Any CPU
		{7D47078A-430B-4298-BA0C-A4327839A8E1}.Debug|x86.Build.0 = Debug|Any CPU
		{7D47078A-430B-4298-BA0C-A4327839A8E1}.Release|Any CPU.ActiveCfg = Release|Any CPU
		{7D47078A-430B-4298-BA0C-A4327839A8E1}.Release|Any CPU.Build.0 = Release|Any CPU
		{7D47078A-430B-4298-BA0C-A4327839A8E1}.Release|x64.ActiveCfg = Release|Any CPU
		{7D47078A-430B-4298-BA0C-A4327839A8E1}.Release|x64.Build.0 = Release|Any CPU
		{7D47078A-430B-4298-BA0C-A4327839A8E1}.Release|x86.ActiveCfg = Release|Any CPU
		{7D47078A-430B-4298-BA0C-A4327839A8E1}.Release|x86.Build.0 = Release|Any CPU
		{B771415B-AC64-4723-A790-4F60BC059D13}.Debug|Any CPU.ActiveCfg = Debug|Any CPU
		{B771415B-AC64-4723-A790-4F60BC059D13}.Debug|Any CPU.Build.0 = Debug|Any CPU
		{B771415B-AC64-4723-A790-4F60BC059D13}.Debug|x64.ActiveCfg = Debug|Any CPU
		{B771415B-AC64-4723-A790-4F60BC059D13}.Debug|x64.Build.0 = Debug|Any CPU
		{B771415B-AC64-4723-A790-4F60BC059D13}.Debug|x86.ActiveCfg = Debug|Any CPU
		{B771415B-AC64-4723-A790-4F60BC059D13}.Debug|x86.Build.0 = Debug|Any CPU
		{B771415B-AC64-4723-A790-4F60BC059D13}.Release|Any CPU.ActiveCfg = Release|Any CPU
		{B771415B-AC64-4723-A790-4F60BC059D13}.Release|Any CPU.Build.0 = Release|Any CPU
		{B771415B-AC64-4723-A790-4F60BC059D13}.Release|x64.ActiveCfg = Release|Any CPU
		{B771415B-AC64-4723-A790-4F60BC059D13}.Release|x64.Build.0 = Release|Any CPU
		{B771415B-AC64-4723-A790-4F60BC059D13}.Release|x86.ActiveCfg = Release|Any CPU
		{B771415B-AC64-4723-A790-4F60BC059D13}.Release|x86.Build.0 = Release|Any CPU
	EndGlobalSection
	GlobalSection(SolutionProperties) = preSolution
		HideSolutionNode = FALSE
	EndGlobalSection
	GlobalSection(NestedProjects) = preSolution
		{0F3C69A5-9EA7-1970-F474-E1D4932F91DA} = {FA8A28C8-4B59-8028-2ACF-626D05B08DB7}
		{7D47078A-430B-4298-BA0C-A4327839A8E1} = {0F3C69A5-9EA7-1970-F474-E1D4932F91DA}
		{B771415B-AC64-4723-A790-4F60BC059D13} = {0F3C69A5-9EA7-1970-F474-E1D4932F91DA}
	EndGlobalSection
	GlobalSection(ExtensibilityGlobals) = postSolution
		SolutionGuid = {F8CBAB76-3F84-4429-A077-F8EF55B9522B}
	EndGlobalSection
EndGlobal
